
Microsoft Visual Studio Solution File, Format Version 12.00
# Visual Studio Version 16
VisualStudioVersion = 16.0.30413.136
MinimumVisualStudioVersion = 10.0.40219.1
Project("{FAE04EC0-301F-11D3-BF4B-00C04F79EFBC}") = "NexComCalculator", "NexComCalculator\NexComCalculator.csproj", "{CB55CE2E-0CAA-46F2-A482-DA6F3262FE04}"
EndProject
Global
	GlobalSection(SolutionConfigurationPlatforms) = preSolution
		Debug|Any CPU = Debug|Any CPU
		Release|Any CPU = Release|Any CPU
	EndGlobalSection
	GlobalSection(ProjectConfigurationPlatforms) = postSolution
		{CB55CE2E-0CAA-46F2-A482-DA6F3262FE04}.Debug|Any CPU.ActiveCfg = Debug|Any CPU
		{CB55CE2E-0CAA-46F2-A482-DA6F3262FE04}.Debug|Any CPU.Build.0 = Debug|Any CPU
		{CB55CE2E-0CAA-46F2-A482-DA6F3262FE04}.Release|Any CPU.ActiveCfg = Release|Any CPU
		{CB55CE2E-0CAA-46F2-A482-DA6F3262FE04}.Release|Any CPU.Build.0 = Release|Any CPU
	EndGlobalSection
	GlobalSection(SolutionProperties) = preSolution
		HideSolutionNode = FALSE
	EndGlobalSection
	GlobalSection(ExtensibilityGlobals) = postSolution
		SolutionGuid = {772B404B-B0DA-4B29-9A3E-A5347D03BD0A}
	EndGlobalSection
EndGlobal
